
Microsoft Visual Studio Solution File, Format Version 12.00
# Visual Studio Version 16
VisualStudioVersion = 16.0.29230.47
MinimumVisualStudioVersion = 10.0.40219.1
Project("{FAE04EC0-301F-11D3-BF4B-00C04F79EFBC}") = "HandleProgram", "HandleProgram\HandleProgram.csproj", "{C6FC3981-368A-451A-BD21-FAFED8DE444D}"
EndProject
Global
	GlobalSection(SolutionConfigurationPlatforms) = preSolution
		Debug|Any CPU = Debug|Any CPU
		Release|Any CPU = Release|Any CPU
	EndGlobalSection
	GlobalSection(ProjectConfigurationPlatforms) = postSolution
		{C6FC3981-368A-451A-BD21-FAFED8DE444D}.Debug|Any CPU.ActiveCfg = Debug|Any CPU
		{C6FC3981-368A-451A-BD21-FAFED8DE444D}.Debug|Any CPU.Build.0 = Debug|Any CPU
		{C6FC3981-368A-451A-BD21-FAFED8DE444D}.Release|Any CPU.ActiveCfg = Release|Any CPU
		{C6FC3981-368A-451A-BD21-FAFED8DE444D}.Release|Any CPU.Build.0 = Release|Any CPU
	EndGlobalSection
	GlobalSection(SolutionProperties) = preSolution
		HideSolutionNode = FALSE
	EndGlobalSection
	GlobalSection(ExtensibilityGlobals) = postSolution
		SolutionGuid = {6249BAA2-F45E-4B30-AA2F-8E2BF09B599F}
	EndGlobalSection
EndGlobal
